// !$*UTF8*$!
{
	archiveVersion = 1;
	classes = {
	};
	objectVersion = 50;
	objects = {

/* Begin PBXBuildFile section */
		3A17249026E582A400363042 /* AppDelegate.swift in Sources */ = {isa = PBXBuildFile; fileRef = 3A17248F26E582A400363042 /* AppDelegate.swift */; };
		3A17249226E582A400363042 /* SceneDelegate.swift in Sources */ = {isa = PBXBuildFile; fileRef = 3A17249126E582A400363042 /* SceneDelegate.swift */; };
		3A17249426E582A400363042 /* ViewController.swift in Sources */ = {isa = PBXBuildFile; fileRef = 3A17249326E582A400363042 /* ViewController.swift */; };
		3A17249726E582A400363042 /* Main.storyboard in Resources */ = {isa = PBXBuildFile; fileRef = 3A17249526E582A400363042 /* Main.storyboard */; };
		3A17249926E582A600363042 /* Assets.xcassets in Resources */ = {isa = PBXBuildFile; fileRef = 3A17249826E582A600363042 /* Assets.xcassets */; };
		3A17249C26E582A600363042 /* LaunchScreen.storyboard in Resources */ = {isa = PBXBuildFile; fileRef = 3A17249A26E582A600363042 /* LaunchScreen.storyboard */; };
		3A1724C826EADF9400363042 /* RestAPI.swift in Sources */ = {isa = PBXBuildFile; fileRef = 3A1724C726EADF9400363042 /* RestAPI.swift */; };
		3A1724CC26EADFB300363042 /* Song.swift in Sources */ = {isa = PBXBuildFile; fileRef = 3A1724CB26EADFB300363042 /* Song.swift */; };
/* End PBXBuildFile section */

/* Begin PBXFileReference section */
		3A17248C26E582A400363042 /* PennAppsDemo.app */ = {isa = PBXFileReference; explicitFileType = wrapper.application; includeInIndex = 0; path = PennAppsDemo.app; sourceTree = BUILT_PRODUCTS_DIR; };
		3A17248F26E582A400363042 /* AppDelegate.swift */ = {isa = PBXFileReference; lastKnownFileType = sourcecode.swift; path = AppDelegate.swift; sourceTree = "<group>"; };
		3A17249126E582A400363042 /* SceneDelegate.swift */ = {isa = PBXFileReference; lastKnownFileType = sourcecode.swift; path = SceneDelegate.swift; sourceTree = "<group>"; };
		3A17249326E582A400363042 /* ViewController.swift */ = {isa = PBXFileReference; lastKnownFileType = sourcecode.swift; path = ViewController.swift; sourceTree = "<group>"; };
		3A17249626E582A400363042 /* Base */ = {isa = PBXFileReference; lastKnownFileType = file.storyboard; name = Base; path = Base.lproj/Main.storyboard; sourceTree = "<group>"; };
		3A17249826E582A600363042 /* Assets.xcassets */ = {isa = PBXFileReference; lastKnownFileType = folder.assetcatalog; path = Assets.xcassets; sourceTree = "<group>"; };
		3A17249B26E582A600363042 /* Base */ = {isa = PBXFileReference; lastKnownFileType = file.storyboard; name = Base; path = Base.lproj/LaunchScreen.storyboard; sourceTree = "<group>"; };
		3A17249D26E582A600363042 /* Info.plist */ = {isa = PBXFileReference; lastKnownFileType = text.plist.xml; path = Info.plist; sourceTree = "<group>"; };
		3A1724C726EADF9400363042 /* RestAPI.swift */ = {isa = PBXFileReference; lastKnownFileType = sourcecode.swift; path = RestAPI.swift; sourceTree = "<group>"; };
		3A1724CB26EADFB300363042 /* Song.swift */ = {isa = PBXFileReference; lastKnownFileType = sourcecode.swift; path = Song.swift; sourceTree = "<group>"; };
/* End PBXFileReference section */

/* Begin PBXFrameworksBuildPhase section */
		3A17248926E582A400363042 /* Frameworks */ = {
			isa = PBXFrameworksBuildPhase;
			buildActionMask = 2147483647;
			files = (
			);
			runOnlyForDeploymentPostprocessing = 0;
		};
/* End PBXFrameworksBuildPhase section */

/* Begin PBXGroup section */
		3A17248326E582A400363042 = {
			isa = PBXGroup;
			children = (
				3A17248E26E582A400363042 /* PennAppsDemo */,
				3A17248D26E582A400363042 /* Products */,
			);
			sourceTree = "<group>";
		};
		3A17248D26E582A400363042 /* Products */ = {
			isa = PBXGroup;
			children = (
				3A17248C26E582A400363042 /* PennAppsDemo.app */,
			);
			name = Products;
			sourceTree = "<group>";
		};
		3A17248E26E582A400363042 /* PennAppsDemo */ = {
			isa = PBXGroup;
			children = (
				3A17248F26E582A400363042 /* AppDelegate.swift */,
				3A1724C626EADF7B00363042 /* API */,
				3A17249126E582A400363042 /* SceneDelegate.swift */,
				3A1724CB26EADFB300363042 /* Song.swift */,
				3A17249326E582A400363042 /* ViewController.swift */,
				3A17249526E582A400363042 /* Main.storyboard */,
				3A17249826E582A600363042 /* Assets.xcassets */,
				3A17249A26E582A600363042 /* LaunchScreen.storyboard */,
				3A17249D26E582A600363042 /* Info.plist */,
			);
			path = PennAppsDemo;
			sourceTree = "<group>";
		};
		3A1724C626EADF7B00363042 /* API */ = {
			isa = PBXGroup;
			children = (
				3A1724C726EADF9400363042 /* RestAPI.swift */,
			);
			path = API;
			sourceTree = "<group>";
		};
/* End PBXGroup section */

/* Begin PBXNativeTarget section */
		3A17248B26E582A400363042 /* PennAppsDemo */ = {
			isa = PBXNativeTarget;
			buildConfigurationList = 3A1724A026E582A600363042 /* Build configuration list for PBXNativeTarget "PennAppsDemo" */;
			buildPhases = (
				3A17248826E582A400363042 /* Sources */,
				3A17248926E582A400363042 /* Frameworks */,
				3A17248A26E582A400363042 /* Resources */,
			);
			buildRules = (
			);
			dependencies = (
			);
			name = PennAppsDemo;
			productName = PennAppsDemo;
			productReference = 3A17248C26E582A400363042 /* PennAppsDemo.app */;
			productType = "com.apple.product-type.application";
		};
/* End PBXNativeTarget section */

/* Begin PBXProject section */
		3A17248426E582A400363042 /* Project object */ = {
			isa = PBXProject;
			attributes = {
				LastSwiftUpdateCheck = 1240;
				LastUpgradeCheck = 1240;
				TargetAttributes = {
					3A17248B26E582A400363042 = {
						CreatedOnToolsVersion = 12.4;
					};
				};
			};
			buildConfigurationList = 3A17248726E582A400363042 /* Build configuration list for PBXProject "PennAppsDemo" */;
			compatibilityVersion = "Xcode 9.3";
			developmentRegion = en;
			hasScannedForEncodings = 0;
			knownRegions = (
				en,
				Base,
			);
			mainGroup = 3A17248326E582A400363042;
			productRefGroup = 3A17248D26E582A400363042 /* Products */;
			projectDirPath = "";
			projectRoot = "";
			targets = (
				3A17248B26E582A400363042 /* PennAppsDemo */,
			);
		};
/* End PBXProject section */

/* Begin PBXResourcesBuildPhase section */
		3A17248A26E582A400363042 /* Resources */ = {
			isa = PBXResourcesBuildPhase;
			buildActionMask = 2147483647;
			files = (
				3A17249C26E582A600363042 /* LaunchScreen.storyboard in Resources */,
				3A17249926E582A600363042 /* Assets.xcassets in Resources */,
				3A17249726E582A400363042 /* Main.storyboard in Resources */,
			);
			runOnlyForDeploymentPostprocessing = 0;
		};
/* End PBXResourcesBuildPhase section */

/* Begin PBXSourcesBuildPhase section */
		3A17248826E582A400363042 /* Sources */ = {
			isa = PBXSourcesBuildPhase;
			buildActionMask = 2147483647;
			files = (
				3A1724C826EADF9400363042 /* RestAPI.swift in Sources */,
				3A17249426E582A400363042 /* ViewController.swift in Sources */,
				3A17249026E582A400363042 /* AppDelegate.swift in Sources */,
				3A17249226E582A400363042 /* SceneDelegate.swift in Sources */,
				3A1724CC26EADFB300363042 /* Song.swift in Sources */,
			);
			runOnlyForDeploymentPostprocessing = 0;
		};
/* End PBXSourcesBuildPhase section */

/* Begin PBXVariantGroup section */
		3A17249526E582A400363042 /* Main.storyboard */ = {
			isa = PBXVariantGroup;
			children = (
				3A17249626E582A400363042 /* Base */,
			);
			name = Main.storyboard;
			sourceTree = "<group>";
		};
		3A17249A26E582A600363042 /* LaunchScreen.storyboard */ = {
			isa = PBXVariantGroup;
			children = (
				3A17249B26E582A600363042 /* Base */,
			);
			name = LaunchScreen.storyboard;
			sourceTree = "<group>";
		};
/* End PBXVariantGroup section */

/* Begin XCBuildConfiguration section */
		3A17249E26E582A600363042 /* Debug */ = {
			isa = XCBuildConfiguration;
			buildSettings = {
				ALWAYS_SEARCH_USER_PATHS = NO;
				CLANG_ANALYZER_NONNULL = YES;
				CLANG_ANALYZER_NUMBER_OBJECT_CONVERSION = YES_AGGRESSIVE;
				CLANG_CXX_LANGUAGE_STANDARD = "gnu++14";
				CLANG_CXX_LIBRARY = "libc++";
				CLANG_ENABLE_MODULES = YES;
				CLANG_ENABLE_OBJC_ARC = YES;
				CLANG_ENABLE_OBJC_WEAK = YES;
				CLANG_WARN_BLOCK_CAPTURE_AUTORELEASING = YES;
				CLANG_WARN_BOOL_CONVERSION = YES;
				CLANG_WARN_COMMA = YES;
				CLANG_WARN_CONSTANT_CONVERSION = YES;
				CLANG_WARN_DEPRECATED_OBJC_IMPLEMENTATIONS = YES;
				CLANG_WARN_DIRECT_OBJC_ISA_USAGE = YES_ERROR;
				CLANG_WARN_DOCUMENTATION_COMMENTS = YES;
				CLANG_WARN_EMPTY_BODY = YES;
				CLANG_WARN_ENUM_CONVERSION = YES;
				CLANG_WARN_INFINITE_RECURSION = YES;
				CLANG_WARN_INT_CONVERSION = YES;
				CLANG_WARN_NON_LITERAL_NULL_CONVERSION = YES;
				CLANG_WARN_OBJC_IMPLICIT_RETAIN_SELF = YES;
				CLANG_WARN_OBJC_LITERAL_CONVERSION = YES;
				CLANG_WARN_OBJC_ROOT_CLASS = YES_ERROR;
				CLANG_WARN_QUOTED_INCLUDE_IN_FRAMEWORK_HEADER = YES;
				CLANG_WARN_RANGE_LOOP_ANALYSIS = YES;
				CLANG_WARN_STRICT_PROTOTYPES = YES;
				CLANG_WARN_SUSPICIOUS_MOVE = YES;
				CLANG_WARN_UNGUARDED_AVAILABILITY = YES_AGGRESSIVE;
				CLANG_WARN_UNREACHABLE_CODE = YES;
				CLANG_WARN__DUPLICATE_METHOD_MATCH = YES;
				COPY_PHASE_STRIP = NO;
				DEBUG_INFORMATION_FORMAT = dwarf;
				ENABLE_STRICT_OBJC_MSGSEND = YES;
				ENABLE_TESTABILITY = YES;
				GCC_C_LANGUAGE_STANDARD = gnu11;
				GCC_DYNAMIC_NO_PIC = NO;
				GCC_NO_COMMON_BLOCKS = YES;
				GCC_OPTIMIZATION_LEVEL = 0;
				GCC_PREPROCESSOR_DEFINITIONS = (
					"DEBUG=1",
					"$(inherited)",
				);
				GCC_WARN_64_TO_32_BIT_CONVERSION = YES;
				GCC_WARN_ABOUT_RETURN_TYPE = YES_ERROR;
				GCC_WARN_UNDECLARED_SELECTOR = YES;
				GCC_WARN_UNINITIALIZED_AUTOS = YES_AGGRESSIVE;
				GCC_WARN_UNUSED_FUNCTION = YES;
				GCC_WARN_UNUSED_VARIABLE = YES;
				IPHONEOS_DEPLOYMENT_TARGET = 14.4;
				MTL_ENABLE_DEBUG_INFO = INCLUDE_SOURCE;
				MTL_FAST_MATH = YES;
				ONLY_ACTIVE_ARCH = YES;
				SDKROOT = iphoneos;
				SWIFT_ACTIVE_COMPILATION_CONDITIONS = DEBUG;
				SWIFT_OPTIMIZATION_LEVEL = "-Onone";
			};
			name = Debug;
		};
		3A17249F26E582A600363042 /* Release */ = {
			isa = XCBuildConfiguration;
			buildSettings = {
				ALWAYS_SEARCH_USER_PATHS = NO;
				CLANG_ANALYZER_NONNULL = YES;
				CLANG_ANALYZER_NUMBER_OBJECT_CONVERSION = YES_AGGRESSIVE;
				CLANG_CXX_LANGUAGE_STANDARD = "gnu++14";
				CLANG_CXX_LIBRARY = "libc++";
				CLANG_ENABLE_MODULES = YES;
				CLANG_ENABLE_OBJC_ARC = YES;
				CLANG_ENABLE_OBJC_WEAK = YES;
				CLANG_WARN_BLOCK_CAPTURE_AUTORELEASING = YES;
				CLANG_WARN_BOOL_CONVERSION = YES;
				CLANG_WARN_COMMA = YES;
				CLANG_WARN_CONSTANT_CONVERSION = YES;
				CLANG_WARN_DEPRECATED_OBJC_IMPLEMENTATIONS = YES;
				CLANG_WARN_DIRECT_OBJC_ISA_USAGE = YES_ERROR;
				CLANG_WARN_DOCUMENTATION_COMMENTS = YES;
				CLANG_WARN_EMPTY_BODY = YES;
				CLANG_WARN_ENUM_CONVERSION = YES;
				CLANG_WARN_INFINITE_RECURSION = YES;
				CLANG_WARN_INT_CONVERSION = YES;
				CLANG_WARN_NON_LITERAL_NULL_CONVERSION = YES;
				CLANG_WARN_OBJC_IMPLICIT_RETAIN_SELF = YES;
				CLANG_WARN_OBJC_LITERAL_CONVERSION = YES;
				CLANG_WARN_OBJC_ROOT_CLASS = YES_ERROR;
				CLANG_WARN_QUOTED_INCLUDE_IN_FRAMEWORK_HEADER = YES;
				CLANG_WARN_RANGE_LOOP_ANALYSIS = YES;
				CLANG_WARN_STRICT_PROTOTYPES = YES;
				CLANG_WARN_SUSPICIOUS_MOVE = YES;
				CLANG_WARN_UNGUARDED_AVAILABILITY = YES_AGGRESSIVE;
				CLANG_WARN_UNREACHABLE_CODE = YES;
				CLANG_WARN__DUPLICATE_METHOD_MATCH = YES;
				COPY_PHASE_STRIP = NO;
				DEBUG_INFORMATION_FORMAT = "dwarf-with-dsym";
				ENABLE_NS_ASSERTIONS = NO;
				ENABLE_STRICT_OBJC_MSGSEND = YES;
				GCC_C_LANGUAGE_STANDARD = gnu11;
				GCC_NO_COMMON_BLOCKS = YES;
				GCC_WARN_64_TO_32_BIT_CONVERSION = YES;
				GCC_WARN_ABOUT_RETURN_TYPE = YES_ERROR;
				GCC_WARN_UNDECLARED_SELECTOR = YES;
				GCC_WARN_UNINITIALIZED_AUTOS = YES_AGGRESSIVE;
				GCC_WARN_UNUSED_FUNCTION = YES;
				GCC_WARN_UNUSED_VARIABLE = YES;
				IPHONEOS_DEPLOYMENT_TARGET = 14.4;
				MTL_ENABLE_DEBUG_INFO = NO;
				MTL_FAST_MATH = YES;
				SDKROOT = iphoneos;
				SWIFT_COMPILATION_MODE = wholemodule;
				SWIFT_OPTIMIZATION_LEVEL = "-O";
				VALIDATE_PRODUCT = YES;
			};
			name = Release;
		};
		3A1724A126E582A600363042 /* Debug */ = {
			isa = XCBuildConfiguration;
			buildSettings = {
				ASSETCATALOG_COMPILER_APPICON_NAME = AppIcon;
				ASSETCATALOG_COMPILER_GLOBAL_ACCENT_COLOR_NAME = AccentColor;
				CODE_SIGN_STYLE = Automatic;
				INFOPLIST_FILE = PennAppsDemo/Info.plist;
				LD_RUNPATH_SEARCH_PATHS = (
					"$(inherited)",
					"@executable_path/Frameworks",
				);
				PRODUCT_BUNDLE_IDENTIFIER = "Mihikaa-Goenka.PennAppsDemo";
				PRODUCT_NAME = "$(TARGET_NAME)";
				SWIFT_VERSION = 5.0;
				TARGETED_DEVICE_FAMILY = "1,2";
			};
			name = Debug;
		};
		3A1724A226E582A600363042 /* Release */ = {
			isa = XCBuildConfiguration;
			buildSettings = {
				ASSETCATALOG_COMPILER_APPICON_NAME = AppIcon;
				ASSETCATALOG_COMPILER_GLOBAL_ACCENT_COLOR_NAME = AccentColor;
				CODE_SIGN_STYLE = Automatic;
				INFOPLIST_FILE = PennAppsDemo/Info.plist;
				LD_RUNPATH_SEARCH_PATHS = (
					"$(inherited)",
					"@executable_path/Frameworks",
				);
				PRODUCT_BUNDLE_IDENTIFIER = "Mihikaa-Goenka.PennAppsDemo";
				PRODUCT_NAME = "$(TARGET_NAME)";
				SWIFT_VERSION = 5.0;
				TARGETED_DEVICE_FAMILY = "1,2";
			};
			name = Release;
		};
/* End XCBuildConfiguration section */

/* Begin XCConfigurationList section */
		3A17248726E582A400363042 /* Build configuration list for PBXProject "PennAppsDemo" */ = {
			isa = XCConfigurationList;
			buildConfigurations = (
				3A17249E26E582A600363042 /* Debug */,
				3A17249F26E582A600363042 /* Release */,
			);
			defaultConfigurationIsVisible = 0;
			defaultConfigurationName = Release;
		};
		3A1724A026E582A600363042 /* Build configuration list for PBXNativeTarget "PennAppsDemo" */ = {
			isa = XCConfigurationList;
			buildConfigurations = (
				3A1724A126E582A600363042 /* Debug */,
				3A1724A226E582A600363042 /* Release */,
			);
			defaultConfigurationIsVisible = 0;
			defaultConfigurationName = Release;
		};
/* End XCConfigurationList section */
	};
	rootObject = 3A17248426E582A400363042 /* Project object */;
}
